
Microsoft Visual Studio Solution File, Format Version 12.00
# Visual Studio Version 17
VisualStudioVersion = 17.2.32602.215
MinimumVisualStudioVersion = 10.0.40219.1
Project("{2150E333-8FDC-42A3-9474-1A3956D46DE8}") = "src", "src", "{EE178FCA-626D-4D3B-91D5-A5612E33BC66}"
EndProject
Project("{FAE04EC0-301F-11D3-BF4B-00C04F79EFBC}") = "Sample.Api", "src\Sample.Api\Sample.Api.csproj", "{B113C5C0-5B6E-4367-A200-FF025A23028F}"
EndProject
Project("{FAE04EC0-301F-11D3-BF4B-00C04F79EFBC}") = "Sample.Domain", "src\Sample.Domain\Sample.Domain.csproj", "{C7888F0C-4B82-49CC-AF76-0C9953A9EB24}"
EndProject
Project("{FAE04EC0-301F-11D3-BF4B-00C04F79EFBC}") = "Sample.Ado", "src\Sample.Ado\Sample.Ado.csproj", "{12B5C821-159C-4CA1-8944-10AF75883425}"
EndProject
Project("{FAE04EC0-301F-11D3-BF4B-00C04F79EFBC}") = "Sample.Application", "src\Sample.Application\Sample.Application.csproj", "{EAFC597F-8BBA-4342-9EF8-D8407B8459B9}"
EndProject
Project("{FAE04EC0-301F-11D3-BF4B-00C04F79EFBC}") = "Sample.Shared", "src\Sample.Shared\Sample.Shared.csproj", "{2375A639-5B44-4788-BF0D-8B89102F1D9A}"
EndProject
Global
	GlobalSection(SolutionConfigurationPlatforms) = preSolution
		Debug|Any CPU = Debug|Any CPU
		Release|Any CPU = Release|Any CPU
	EndGlobalSection
	GlobalSection(ProjectConfigurationPlatforms) = postSolution
		{B113C5C0-5B6E-4367-A200-FF025A23028F}.Debug|Any CPU.ActiveCfg = Debug|Any CPU
		{B113C5C0-5B6E-4367-A200-FF025A23028F}.Debug|Any CPU.Build.0 = Debug|Any CPU
		{B113C5C0-5B6E-4367-A200-FF025A23028F}.Release|Any CPU.ActiveCfg = Release|Any CPU
		{B113C5C0-5B6E-4367-A200-FF025A23028F}.Release|Any CPU.Build.0 = Release|Any CPU
		{C7888F0C-4B82-49CC-AF76-0C9953A9EB24}.Debug|Any CPU.ActiveCfg = Debug|Any CPU
		{C7888F0C-4B82-49CC-AF76-0C9953A9EB24}.Debug|Any CPU.Build.0 = Debug|Any CPU
		{C7888F0C-4B82-49CC-AF76-0C9953A9EB24}.Release|Any CPU.ActiveCfg = Release|Any CPU
		{C7888F0C-4B82-49CC-AF76-0C9953A9EB24}.Release|Any CPU.Build.0 = Release|Any CPU
		{12B5C821-159C-4CA1-8944-10AF75883425}.Debug|Any CPU.ActiveCfg = Debug|Any CPU
		{12B5C821-159C-4CA1-8944-10AF75883425}.Debug|Any CPU.Build.0 = Debug|Any CPU
		{12B5C821-159C-4CA1-8944-10AF75883425}.Release|Any CPU.ActiveCfg = Release|Any CPU
		{12B5C821-159C-4CA1-8944-10AF75883425}.Release|Any CPU.Build.0 = Release|Any CPU
		{EAFC597F-8BBA-4342-9EF8-D8407B8459B9}.Debug|Any CPU.ActiveCfg = Debug|Any CPU
		{EAFC597F-8BBA-4342-9EF8-D8407B8459B9}.Debug|Any CPU.Build.0 = Debug|Any CPU
		{EAFC597F-8BBA-4342-9EF8-D8407B8459B9}.Release|Any CPU.ActiveCfg = Release|Any CPU
		{EAFC597F-8BBA-4342-9EF8-D8407B8459B9}.Release|Any CPU.Build.0 = Release|Any CPU
		{2375A639-5B44-4788-BF0D-8B89102F1D9A}.Debug|Any CPU.ActiveCfg = Debug|Any CPU
		{2375A639-5B44-4788-BF0D-8B89102F1D9A}.Debug|Any CPU.Build.0 = Debug|Any CPU
		{2375A639-5B44-4788-BF0D-8B89102F1D9A}.Release|Any CPU.ActiveCfg = Release|Any CPU
		{2375A639-5B44-4788-BF0D-8B89102F1D9A}.Release|Any CPU.Build.0 = Release|Any CPU
	EndGlobalSection
	GlobalSection(SolutionProperties) = preSolution
		HideSolutionNode = FALSE
	EndGlobalSection
	GlobalSection(NestedProjects) = preSolution
		{B113C5C0-5B6E-4367-A200-FF025A23028F} = {EE178FCA-626D-4D3B-91D5-A5612E33BC66}
		{C7888F0C-4B82-49CC-AF76-0C9953A9EB24} = {EE178FCA-626D-4D3B-91D5-A5612E33BC66}
		{12B5C821-159C-4CA1-8944-10AF75883425} = {EE178FCA-626D-4D3B-91D5-A5612E33BC66}
		{EAFC597F-8BBA-4342-9EF8-D8407B8459B9} = {EE178FCA-626D-4D3B-91D5-A5612E33BC66}
		{2375A639-5B44-4788-BF0D-8B89102F1D9A} = {EE178FCA-626D-4D3B-91D5-A5612E33BC66}
	EndGlobalSection
	GlobalSection(ExtensibilityGlobals) = postSolution
		SolutionGuid = {05DE01D8-479F-42F0-91F5-04758D05F95C}
	EndGlobalSection
EndGlobal
